// !$*UTF8*$!
{
	archiveVersion = 1;
	classes = {
	};
	objectVersion = 56;
	objects = {

/* Begin PBXBuildFile section */
		0A0BE8E5F1115A4A06FC8B91 /* LearnView.swift in Sources */ = {isa = PBXBuildFile; fileRef = D4154CB93D01BCD3EF947491 /* LearnView.swift */; };
		0C43C71B7E8AD94C35C9476D /* Theme.swift in Sources */ = {isa = PBXBuildFile; fileRef = F61B102C6DA2258BD7801E49 /* Theme.swift */; };
		11E6AACB18E3C1E420BE7825 /* WordCard.swift in Sources */ = {isa = PBXBuildFile; fileRef = 2FE8D7ED73452AF0CC122BEF /* WordCard.swift */; };
		14F7C6B2D5A899768A270330 /* MotAMotApp.swift in Sources */ = {isa = PBXBuildFile; fileRef = C8DC34C9C475378220F004DD /* MotAMotApp.swift */; };
		2263CB1FAC65EFEE36493A7A /* Quiz.swift in Sources */ = {isa = PBXBuildFile; fileRef = 2A375EF9BEA640A49832C820 /* Quiz.swift */; };
		2F81A628D195DA6EB879610B /* Speech.swift in Sources */ = {isa = PBXBuildFile; fileRef = BAFEAC693BD20C5B11B047E9 /* Speech.swift */; };
		3109A9932124CDE76CF53298 /* QuizView.swift in Sources */ = {isa = PBXBuildFile; fileRef = A05DC249D0A62C1FD2093B84 /* QuizView.swift */; };
		31886ABF1DBF2E24B452BF5A /* WordsView.swift in Sources */ = {isa = PBXBuildFile; fileRef = A91D0C2A161E745E60467D19 /* WordsView.swift */; };
		5429919AEAFB172C6444341F /* SettingsView.swift in Sources */ = {isa = PBXBuildFile; fileRef = 15E92075C60F422045F6D7BE /* SettingsView.swift */; };
		61143D204C27D8A3AD22D48C /* Assets.xcassets in Resources */ = {isa = PBXBuildFile; fileRef = 32BB636196F91ED59D7A4919 /* Assets.xcassets */; };
		7C5791832B6B9E3BFA1CBFB5 /* ReadView.swift in Sources */ = {isa = PBXBuildFile; fileRef = EC4422521F3B4DB77903B8B4 /* ReadView.swift */; };
		8000ED5F7F7FBD3D74508173 /* forms_index.txt in Resources */ = {isa = PBXBuildFile; fileRef = 7E16A337D4AC41CB06F891D0 /* forms_index.txt */; };
		89FA6B657053AEFE9BDCFA30 /* Store.swift in Sources */ = {isa = PBXBuildFile; fileRef = B6DE004149A021F5181CB7DA /* Store.swift */; };
		963B6BAEDB43DE60F8A2C0D6 /* StudyView.swift in Sources */ = {isa = PBXBuildFile; fileRef = 487F0BECC967C35755339CA1 /* StudyView.swift */; };
		B281BF8EBF2809339576F07E /* Answers.swift in Sources */ = {isa = PBXBuildFile; fileRef = 108CB5A0883A9672F4F50C5E /* Answers.swift */; };
		D3674F32CCFA38D878128407 /* Model.swift in Sources */ = {isa = PBXBuildFile; fileRef = EAD165A5D6214CB10A451887 /* Model.swift */; };
		D8F07929EF652B3F6B926049 /* words.json in Resources */ = {isa = PBXBuildFile; fileRef = 6A6C415A6124023F23E921AE /* words.json */; };
		847116AD98B1FE9117795867 /* DeckCardsView.swift in Sources */ = {isa = PBXBuildFile; fileRef = ED70A4B4C77494DDD40E0C06 /* DeckCardsView.swift */; };
		35F1618EE1808523896836E4 /* DeckGrading.swift in Sources */ = {isa = PBXBuildFile; fileRef = A514C854AFC438DA85615514 /* DeckGrading.swift */; };
		77FF17604F4C95BA015F7641 /* DeckHomeView.swift in Sources */ = {isa = PBXBuildFile; fileRef = 4672735088D0DCE0A692E68F /* DeckHomeView.swift */; };
		C1C94961B4B3CA95896742F2 /* DeckHubView.swift in Sources */ = {isa = PBXBuildFile; fileRef = E62D2E0762E6DDA9ED58F626 /* DeckHubView.swift */; };
		93080929DB52E84B549FD1CF /* DeckModel.swift in Sources */ = {isa = PBXBuildFile; fileRef = FCCE9ED6FDC4794436D0AFEC /* DeckModel.swift */; };
		143CFCCB11A9FB3DF2DFB976 /* DeckRich.swift in Sources */ = {isa = PBXBuildFile; fileRef = A88999D3B862542BA5912CEE /* DeckRich.swift */; };
		C1ED768C2520B642C0F71424 /* DeckSessionViews.swift in Sources */ = {isa = PBXBuildFile; fileRef = A4FE7ADCA8468921F9A13402 /* DeckSessionViews.swift */; };
		A6F25E83963CE8128843BDFB /* DeckStore.swift in Sources */ = {isa = PBXBuildFile; fileRef = 7AFE018EB6F1D1D2C6BD9338 /* DeckStore.swift */; };
		874CF5FC9A3646AC65F8AC51 /* atlas.json in Resources */ = {isa = PBXBuildFile; fileRef = 77EFAA7D4A3B786992F69C0F /* atlas.json */; };
		04AF02ED2D8A173A2CAE898E /* decks-index.json in Resources */ = {isa = PBXBuildFile; fileRef = EBE2EDEB3A330D02F1C68E92 /* decks-index.json */; };
		C0CA89FF14E25620853BD13C /* desk-skills.json in Resources */ = {isa = PBXBuildFile; fileRef = 14CB426A3D34607E222079E4 /* desk-skills.json */; };
		098910E876EE5738A332ED65 /* fret-by-fret.json in Resources */ = {isa = PBXBuildFile; fileRef = CB9907A44AFEE667BB5007A8 /* fret-by-fret.json */; };
		161FF3734B5846484AC6C454 /* py-by-py.json in Resources */ = {isa = PBXBuildFile; fileRef = 7BF2C058E55864E9DD27F88B /* py-by-py.json */; };
		6AC3C3DB7BC9E572DAED57E4 /* slide-by-slide.json in Resources */ = {isa = PBXBuildFile; fileRef = 5C59D22DEF302ADFF4C0F80C /* slide-by-slide.json */; };
/* End PBXBuildFile section */

/* Begin PBXFileReference section */
		108CB5A0883A9672F4F50C5E /* Answers.swift */ = {isa = PBXFileReference; lastKnownFileType = sourcecode.swift; path = Answers.swift; sourceTree = "<group>"; };
		15E92075C60F422045F6D7BE /* SettingsView.swift */ = {isa = PBXFileReference; lastKnownFileType = sourcecode.swift; path = SettingsView.swift; sourceTree = "<group>"; };
		2A375EF9BEA640A49832C820 /* Quiz.swift */ = {isa = PBXFileReference; lastKnownFileType = sourcecode.swift; path = Quiz.swift; sourceTree = "<group>"; };
		2FE8D7ED73452AF0CC122BEF /* WordCard.swift */ = {isa = PBXFileReference; lastKnownFileType = sourcecode.swift; path = WordCard.swift; sourceTree = "<group>"; };
		32BB636196F91ED59D7A4919 /* Assets.xcassets */ = {isa = PBXFileReference; lastKnownFileType = folder.assetcatalog; path = Assets.xcassets; sourceTree = "<group>"; };
		487F0BECC967C35755339CA1 /* StudyView.swift */ = {isa = PBXFileReference; lastKnownFileType = sourcecode.swift; path = StudyView.swift; sourceTree = "<group>"; };
		6A6C415A6124023F23E921AE /* words.json */ = {isa = PBXFileReference; lastKnownFileType = text.json; path = words.json; sourceTree = "<group>"; };
		7E16A337D4AC41CB06F891D0 /* forms_index.txt */ = {isa = PBXFileReference; lastKnownFileType = text; path = forms_index.txt; sourceTree = "<group>"; };
		A05DC249D0A62C1FD2093B84 /* QuizView.swift */ = {isa = PBXFileReference; lastKnownFileType = sourcecode.swift; path = QuizView.swift; sourceTree = "<group>"; };
		A91D0C2A161E745E60467D19 /* WordsView.swift */ = {isa = PBXFileReference; lastKnownFileType = sourcecode.swift; path = WordsView.swift; sourceTree = "<group>"; };
		B6DE004149A021F5181CB7DA /* Store.swift */ = {isa = PBXFileReference; lastKnownFileType = sourcecode.swift; path = Store.swift; sourceTree = "<group>"; };
		BAFEAC693BD20C5B11B047E9 /* Speech.swift */ = {isa = PBXFileReference; lastKnownFileType = sourcecode.swift; path = Speech.swift; sourceTree = "<group>"; };
		C8DC34C9C475378220F004DD /* MotAMotApp.swift */ = {isa = PBXFileReference; lastKnownFileType = sourcecode.swift; path = MotAMotApp.swift; sourceTree = "<group>"; };
		D4154CB93D01BCD3EF947491 /* LearnView.swift */ = {isa = PBXFileReference; lastKnownFileType = sourcecode.swift; path = LearnView.swift; sourceTree = "<group>"; };
		EAD165A5D6214CB10A451887 /* Model.swift */ = {isa = PBXFileReference; lastKnownFileType = sourcecode.swift; path = Model.swift; sourceTree = "<group>"; };
		EC4422521F3B4DB77903B8B4 /* ReadView.swift */ = {isa = PBXFileReference; lastKnownFileType = sourcecode.swift; path = ReadView.swift; sourceTree = "<group>"; };
		F5BF48AA40CAD7891EB709FC /* MotAMot.app */ = {isa = PBXFileReference; explicitFileType = wrapper.application; includeInIndex = 0; path = MotAMot.app; sourceTree = BUILT_PRODUCTS_DIR; };
		F61B102C6DA2258BD7801E49 /* Theme.swift */ = {isa = PBXFileReference; lastKnownFileType = sourcecode.swift; path = Theme.swift; sourceTree = "<group>"; };
		ED70A4B4C77494DDD40E0C06 /* DeckCardsView.swift */ = {isa = PBXFileReference; lastKnownFileType = sourcecode.swift; path = DeckCardsView.swift; sourceTree = "<group>"; };
		A514C854AFC438DA85615514 /* DeckGrading.swift */ = {isa = PBXFileReference; lastKnownFileType = sourcecode.swift; path = DeckGrading.swift; sourceTree = "<group>"; };
		4672735088D0DCE0A692E68F /* DeckHomeView.swift */ = {isa = PBXFileReference; lastKnownFileType = sourcecode.swift; path = DeckHomeView.swift; sourceTree = "<group>"; };
		E62D2E0762E6DDA9ED58F626 /* DeckHubView.swift */ = {isa = PBXFileReference; lastKnownFileType = sourcecode.swift; path = DeckHubView.swift; sourceTree = "<group>"; };
		FCCE9ED6FDC4794436D0AFEC /* DeckModel.swift */ = {isa = PBXFileReference; lastKnownFileType = sourcecode.swift; path = DeckModel.swift; sourceTree = "<group>"; };
		A88999D3B862542BA5912CEE /* DeckRich.swift */ = {isa = PBXFileReference; lastKnownFileType = sourcecode.swift; path = DeckRich.swift; sourceTree = "<group>"; };
		A4FE7ADCA8468921F9A13402 /* DeckSessionViews.swift */ = {isa = PBXFileReference; lastKnownFileType = sourcecode.swift; path = DeckSessionViews.swift; sourceTree = "<group>"; };
		7AFE018EB6F1D1D2C6BD9338 /* DeckStore.swift */ = {isa = PBXFileReference; lastKnownFileType = sourcecode.swift; path = DeckStore.swift; sourceTree = "<group>"; };
		77EFAA7D4A3B786992F69C0F /* atlas.json */ = {isa = PBXFileReference; lastKnownFileType = text.json; path = atlas.json; sourceTree = "<group>"; };
		EBE2EDEB3A330D02F1C68E92 /* decks-index.json */ = {isa = PBXFileReference; lastKnownFileType = text.json; path = decks-index.json; sourceTree = "<group>"; };
		14CB426A3D34607E222079E4 /* desk-skills.json */ = {isa = PBXFileReference; lastKnownFileType = text.json; path = desk-skills.json; sourceTree = "<group>"; };
		CB9907A44AFEE667BB5007A8 /* fret-by-fret.json */ = {isa = PBXFileReference; lastKnownFileType = text.json; path = fret-by-fret.json; sourceTree = "<group>"; };
		7BF2C058E55864E9DD27F88B /* py-by-py.json */ = {isa = PBXFileReference; lastKnownFileType = text.json; path = py-by-py.json; sourceTree = "<group>"; };
		5C59D22DEF302ADFF4C0F80C /* slide-by-slide.json */ = {isa = PBXFileReference; lastKnownFileType = text.json; path = slide-by-slide.json; sourceTree = "<group>"; };
/* End PBXFileReference section */

/* Begin PBXFrameworksBuildPhase section */
		4F6F5CC3FCCF73F75AE9CCF4 /* Frameworks */ = {
			isa = PBXFrameworksBuildPhase;
			buildActionMask = 2147483647;
			files = (
			);
			runOnlyForDeploymentPostprocessing = 0;
		};
/* End PBXFrameworksBuildPhase section */

/* Begin PBXGroup section */
		0A2C978E52A76F0AA9F68BB5 /* Products */ = {
			isa = PBXGroup;
			children = (
				F5BF48AA40CAD7891EB709FC /* MotAMot.app */,
			);
			name = Products;
			sourceTree = "<group>";
		};
		20F4BD606C0F6D1645AE4919 /* MotAMot */ = {
			isa = PBXGroup;
			children = (
				108CB5A0883A9672F4F50C5E /* Answers.swift */,
				D4154CB93D01BCD3EF947491 /* LearnView.swift */,
				EAD165A5D6214CB10A451887 /* Model.swift */,
				C8DC34C9C475378220F004DD /* MotAMotApp.swift */,
				2A375EF9BEA640A49832C820 /* Quiz.swift */,
				A05DC249D0A62C1FD2093B84 /* QuizView.swift */,
				EC4422521F3B4DB77903B8B4 /* ReadView.swift */,
				15E92075C60F422045F6D7BE /* SettingsView.swift */,
				BAFEAC693BD20C5B11B047E9 /* Speech.swift */,
				B6DE004149A021F5181CB7DA /* Store.swift */,
				487F0BECC967C35755339CA1 /* StudyView.swift */,
				F61B102C6DA2258BD7801E49 /* Theme.swift */,
				2FE8D7ED73452AF0CC122BEF /* WordCard.swift */,
				A91D0C2A161E745E60467D19 /* WordsView.swift */,
				32BB636196F91ED59D7A4919 /* Assets.xcassets */,
				66968B99C6E368A805CD322A /* Decks */,
				307A90002D1285ED8C05A9E0 /* Resources */,
			);
			path = MotAMot;
			sourceTree = "<group>";
		};
		2B731CEFC6751AAE0EC69B98 = {
			isa = PBXGroup;
			children = (
				20F4BD606C0F6D1645AE4919 /* MotAMot */,
				0A2C978E52A76F0AA9F68BB5 /* Products */,
			);
			sourceTree = "<group>";
		};
		307A90002D1285ED8C05A9E0 /* Resources */ = {
			isa = PBXGroup;
			children = (
				7E16A337D4AC41CB06F891D0 /* forms_index.txt */,
				6A6C415A6124023F23E921AE /* words.json */,
			);
			path = Resources;
			sourceTree = "<group>";
		};
		66968B99C6E368A805CD322A /* Decks */ = {
			isa = PBXGroup;
			children = (
				ED70A4B4C77494DDD40E0C06 /* DeckCardsView.swift */,
				A514C854AFC438DA85615514 /* DeckGrading.swift */,
				4672735088D0DCE0A692E68F /* DeckHomeView.swift */,
				E62D2E0762E6DDA9ED58F626 /* DeckHubView.swift */,
				FCCE9ED6FDC4794436D0AFEC /* DeckModel.swift */,
				A88999D3B862542BA5912CEE /* DeckRich.swift */,
				A4FE7ADCA8468921F9A13402 /* DeckSessionViews.swift */,
				7AFE018EB6F1D1D2C6BD9338 /* DeckStore.swift */,
				C6A0CB250704C661E1751475 /* Resources */,
			);
			path = Decks;
			sourceTree = "<group>";
		};
		C6A0CB250704C661E1751475 /* Resources */ = {
			isa = PBXGroup;
			children = (
				77EFAA7D4A3B786992F69C0F /* atlas.json */,
				EBE2EDEB3A330D02F1C68E92 /* decks-index.json */,
				14CB426A3D34607E222079E4 /* desk-skills.json */,
				CB9907A44AFEE667BB5007A8 /* fret-by-fret.json */,
				7BF2C058E55864E9DD27F88B /* py-by-py.json */,
				5C59D22DEF302ADFF4C0F80C /* slide-by-slide.json */,
			);
			path = Resources;
			sourceTree = "<group>";
		};
/* End PBXGroup section */

/* Begin PBXNativeTarget section */
		42AEFBAE01D2DFD981F7DA7D /* MotAMot */ = {
			isa = PBXNativeTarget;
			buildConfigurationList = 84BD75DECF42B745CB4F39AA /* Build configuration list for PBXNativeTarget "MotAMot" */;
			buildPhases = (
				F2AB5FB218DA8B84623F4557 /* Sources */,
				4F6F5CC3FCCF73F75AE9CCF4 /* Frameworks */,
				55B558C7EF820E6E00E5993B /* Resources */,
			);
			buildRules = (
			);
			dependencies = (
			);
			name = MotAMot;
			productName = MotAMot;
			productReference = F5BF48AA40CAD7891EB709FC /* MotAMot.app */;
			productType = "com.apple.product-type.application";
		};
/* End PBXNativeTarget section */

/* Begin PBXProject section */
		46F86FAA6BBF9AC94A7E4595 /* Project object */ = {
			isa = PBXProject;
			attributes = {
				BuildIndependentTargetsInParallel = 1;
				LastSwiftUpdateCheck = 1600;
				LastUpgradeCheck = 2700;
				TargetAttributes = {
					42AEFBAE01D2DFD981F7DA7D = {
						CreatedOnToolsVersion = 16.0;
					};
				};
			};
			buildConfigurationList = C33C66E28B3501D071CFB88C /* Build configuration list for PBXProject "MotAMot" */;
			compatibilityVersion = "Xcode 14.0";
			developmentRegion = en;
			hasScannedForEncodings = 0;
			knownRegions = (
				en,
				Base,
			);
			mainGroup = 2B731CEFC6751AAE0EC69B98;
			productRefGroup = 0A2C978E52A76F0AA9F68BB5 /* Products */;
			projectDirPath = "";
			projectRoot = "";
			targets = (
				42AEFBAE01D2DFD981F7DA7D /* MotAMot */,
			);
		};
/* End PBXProject section */

/* Begin PBXResourcesBuildPhase section */
		55B558C7EF820E6E00E5993B /* Resources */ = {
			isa = PBXResourcesBuildPhase;
			buildActionMask = 2147483647;
			files = (
				61143D204C27D8A3AD22D48C /* Assets.xcassets in Resources */,
				8000ED5F7F7FBD3D74508173 /* forms_index.txt in Resources */,
				D8F07929EF652B3F6B926049 /* words.json in Resources */,
				874CF5FC9A3646AC65F8AC51 /* atlas.json in Resources */,
				04AF02ED2D8A173A2CAE898E /* decks-index.json in Resources */,
				C0CA89FF14E25620853BD13C /* desk-skills.json in Resources */,
				098910E876EE5738A332ED65 /* fret-by-fret.json in Resources */,
				161FF3734B5846484AC6C454 /* py-by-py.json in Resources */,
				6AC3C3DB7BC9E572DAED57E4 /* slide-by-slide.json in Resources */,
			);
			runOnlyForDeploymentPostprocessing = 0;
		};
/* End PBXResourcesBuildPhase section */

/* Begin PBXSourcesBuildPhase section */
		F2AB5FB218DA8B84623F4557 /* Sources */ = {
			isa = PBXSourcesBuildPhase;
			buildActionMask = 2147483647;
			files = (
				B281BF8EBF2809339576F07E /* Answers.swift in Sources */,
				0A0BE8E5F1115A4A06FC8B91 /* LearnView.swift in Sources */,
				D3674F32CCFA38D878128407 /* Model.swift in Sources */,
				14F7C6B2D5A899768A270330 /* MotAMotApp.swift in Sources */,
				2263CB1FAC65EFEE36493A7A /* Quiz.swift in Sources */,
				3109A9932124CDE76CF53298 /* QuizView.swift in Sources */,
				7C5791832B6B9E3BFA1CBFB5 /* ReadView.swift in Sources */,
				5429919AEAFB172C6444341F /* SettingsView.swift in Sources */,
				2F81A628D195DA6EB879610B /* Speech.swift in Sources */,
				89FA6B657053AEFE9BDCFA30 /* Store.swift in Sources */,
				963B6BAEDB43DE60F8A2C0D6 /* StudyView.swift in Sources */,
				0C43C71B7E8AD94C35C9476D /* Theme.swift in Sources */,
				11E6AACB18E3C1E420BE7825 /* WordCard.swift in Sources */,
				31886ABF1DBF2E24B452BF5A /* WordsView.swift in Sources */,
				847116AD98B1FE9117795867 /* DeckCardsView.swift in Sources */,
				35F1618EE1808523896836E4 /* DeckGrading.swift in Sources */,
				77FF17604F4C95BA015F7641 /* DeckHomeView.swift in Sources */,
				C1C94961B4B3CA95896742F2 /* DeckHubView.swift in Sources */,
				93080929DB52E84B549FD1CF /* DeckModel.swift in Sources */,
				143CFCCB11A9FB3DF2DFB976 /* DeckRich.swift in Sources */,
				C1ED768C2520B642C0F71424 /* DeckSessionViews.swift in Sources */,
				A6F25E83963CE8128843BDFB /* DeckStore.swift in Sources */,
			);
			runOnlyForDeploymentPostprocessing = 0;
		};
/* End PBXSourcesBuildPhase section */

/* Begin XCBuildConfiguration section */
		024EEA213129F6CB818D8A64 /* Release */ = {
			isa = XCBuildConfiguration;
			buildSettings = {
				ASSETCATALOG_COMPILER_APPICON_NAME = AppIcon;
				ASSETCATALOG_COMPILER_GLOBAL_ACCENT_COLOR_NAME = AccentColor;
				CODE_SIGN_STYLE = Automatic;
				CURRENT_PROJECT_VERSION = 1;
				ENABLE_PREVIEWS = YES;
				GENERATE_INFOPLIST_FILE = YES;
				INFOPLIST_KEY_CFBundleDisplayName = "Mot à Mot";
				INFOPLIST_KEY_UIApplicationSceneManifest_Generation = YES;
				INFOPLIST_KEY_UIApplicationSupportsIndirectInputEvents = YES;
				INFOPLIST_KEY_UILaunchScreen_Generation = YES;
				INFOPLIST_KEY_UIStatusBarStyle = UIStatusBarStyleDefault;
				INFOPLIST_KEY_UISupportedInterfaceOrientations = UIInterfaceOrientationPortrait;
				INFOPLIST_KEY_UISupportedInterfaceOrientations_iPad = "UIInterfaceOrientationPortrait UIInterfaceOrientationPortraitUpsideDown UIInterfaceOrientationLandscapeLeft UIInterfaceOrientationLandscapeRight";
				LD_RUNPATH_SEARCH_PATHS = (
					"$(inherited)",
					"@executable_path/Frameworks",
				);
				MARKETING_VERSION = 1.0;
				PRODUCT_BUNDLE_IDENTIFIER = com.mohau.motamot;
				PRODUCT_NAME = "$(TARGET_NAME)";
				SWIFT_VERSION = 5.0;
				TARGETED_DEVICE_FAMILY = "1,2";
			};
			name = Release;
		};
		1B05A9D10F61E514E88AF240 /* Release */ = {
			isa = XCBuildConfiguration;
			buildSettings = {
				ALWAYS_SEARCH_USER_PATHS = NO;
				CLANG_ANALYZER_NONNULL = YES;
				CLANG_ENABLE_MODULES = YES;
				CLANG_ENABLE_OBJC_ARC = YES;
				CLANG_WARN_BLOCK_CAPTURE_AUTORELEASING = YES;
				CLANG_WARN_BOOL_CONVERSION = YES;
				CLANG_WARN_COMMA = YES;
				CLANG_WARN_CONSTANT_CONVERSION = YES;
				CLANG_WARN_DEPRECATED_OBJC_IMPLEMENTATIONS = YES;
				CLANG_WARN_DOCUMENTATION_COMMENTS = YES;
				CLANG_WARN_EMPTY_BODY = YES;
				CLANG_WARN_ENUM_CONVERSION = YES;
				CLANG_WARN_INFINITE_RECURSION = YES;
				CLANG_WARN_INT_CONVERSION = YES;
				CLANG_WARN_NON_LITERAL_NULL_CONVERSION = YES;
				CLANG_WARN_OBJC_IMPLICIT_RETAIN_SELF = YES;
				CLANG_WARN_OBJC_LITERAL_CONVERSION = YES;
				CLANG_WARN_QUOTED_INCLUDE_IN_FRAMEWORK_HEADER = YES;
				CLANG_WARN_RANGE_LOOP_ANALYSIS = YES;
				CLANG_WARN_STRICT_PROTOTYPES = YES;
				CLANG_WARN_SUSPICIOUS_MOVE = YES;
				CLANG_WARN_UNREACHABLE_CODE = YES;
				CLANG_WARN__DUPLICATE_METHOD_MATCH = YES;
				COPY_PHASE_STRIP = NO;
				DEBUG_INFORMATION_FORMAT = "dwarf-with-dsym";
				DEVELOPMENT_TEAM = M8MPMQQXYP;
				ENABLE_NS_ASSERTIONS = NO;
				ENABLE_STRICT_OBJC_MSGSEND = YES;
				ENABLE_USER_SCRIPT_SANDBOXING = YES;
				GCC_C_LANGUAGE_STANDARD = gnu17;
				GCC_NO_COMMON_BLOCKS = YES;
				GCC_WARN_64_TO_32_BIT_CONVERSION = YES;
				GCC_WARN_ABOUT_RETURN_TYPE = YES;
				GCC_WARN_UNDECLARED_SELECTOR = YES;
				GCC_WARN_UNINITIALIZED_AUTOS = YES;
				GCC_WARN_UNUSED_FUNCTION = YES;
				GCC_WARN_UNUSED_VARIABLE = YES;
				IPHONEOS_DEPLOYMENT_TARGET = 17.0;
				LOCALIZATION_PREFERS_STRING_CATALOGS = YES;
				MTL_ENABLE_DEBUG_INFO = NO;
				MTL_FAST_MATH = YES;
				SDKROOT = iphoneos;
				STRING_CATALOG_GENERATE_SYMBOLS = YES;
				SWIFT_COMPILATION_MODE = wholemodule;
				SWIFT_EMIT_LOC_STRINGS = YES;
				VALIDATE_PRODUCT = YES;
			};
			name = Release;
		};
		6F0B85FC643AF9C218F627EA /* Debug */ = {
			isa = XCBuildConfiguration;
			buildSettings = {
				ALWAYS_SEARCH_USER_PATHS = NO;
				CLANG_ANALYZER_NONNULL = YES;
				CLANG_ENABLE_MODULES = YES;
				CLANG_ENABLE_OBJC_ARC = YES;
				CLANG_WARN_BLOCK_CAPTURE_AUTORELEASING = YES;
				CLANG_WARN_BOOL_CONVERSION = YES;
				CLANG_WARN_COMMA = YES;
				CLANG_WARN_CONSTANT_CONVERSION = YES;
				CLANG_WARN_DEPRECATED_OBJC_IMPLEMENTATIONS = YES;
				CLANG_WARN_DOCUMENTATION_COMMENTS = YES;
				CLANG_WARN_EMPTY_BODY = YES;
				CLANG_WARN_ENUM_CONVERSION = YES;
				CLANG_WARN_INFINITE_RECURSION = YES;
				CLANG_WARN_INT_CONVERSION = YES;
				CLANG_WARN_NON_LITERAL_NULL_CONVERSION = YES;
				CLANG_WARN_OBJC_IMPLICIT_RETAIN_SELF = YES;
				CLANG_WARN_OBJC_LITERAL_CONVERSION = YES;
				CLANG_WARN_QUOTED_INCLUDE_IN_FRAMEWORK_HEADER = YES;
				CLANG_WARN_RANGE_LOOP_ANALYSIS = YES;
				CLANG_WARN_STRICT_PROTOTYPES = YES;
				CLANG_WARN_SUSPICIOUS_MOVE = YES;
				CLANG_WARN_UNREACHABLE_CODE = YES;
				CLANG_WARN__DUPLICATE_METHOD_MATCH = YES;
				COPY_PHASE_STRIP = NO;
				DEBUG_INFORMATION_FORMAT = dwarf;
				DEVELOPMENT_TEAM = M8MPMQQXYP;
				ENABLE_STRICT_OBJC_MSGSEND = YES;
				ENABLE_TESTABILITY = YES;
				ENABLE_USER_SCRIPT_SANDBOXING = YES;
				GCC_C_LANGUAGE_STANDARD = gnu17;
				GCC_DYNAMIC_NO_PIC = NO;
				GCC_NO_COMMON_BLOCKS = YES;
				GCC_OPTIMIZATION_LEVEL = 0;
				GCC_PREPROCESSOR_DEFINITIONS = (
					"DEBUG=1",
					"$(inherited)",
				);
				GCC_WARN_64_TO_32_BIT_CONVERSION = YES;
				GCC_WARN_ABOUT_RETURN_TYPE = YES;
				GCC_WARN_UNDECLARED_SELECTOR = YES;
				GCC_WARN_UNINITIALIZED_AUTOS = YES;
				GCC_WARN_UNUSED_FUNCTION = YES;
				GCC_WARN_UNUSED_VARIABLE = YES;
				IPHONEOS_DEPLOYMENT_TARGET = 17.0;
				LOCALIZATION_PREFERS_STRING_CATALOGS = YES;
				MTL_ENABLE_DEBUG_INFO = INCLUDE_SOURCE;
				MTL_FAST_MATH = YES;
				ONLY_ACTIVE_ARCH = YES;
				SDKROOT = iphoneos;
				STRING_CATALOG_GENERATE_SYMBOLS = YES;
				SWIFT_ACTIVE_COMPILATION_CONDITIONS = "DEBUG $(inherited)";
				SWIFT_EMIT_LOC_STRINGS = YES;
				SWIFT_OPTIMIZATION_LEVEL = "-Onone";
			};
			name = Debug;
		};
		D87348BDE86A31AE1A1C3907 /* Debug */ = {
			isa = XCBuildConfiguration;
			buildSettings = {
				ASSETCATALOG_COMPILER_APPICON_NAME = AppIcon;
				ASSETCATALOG_COMPILER_GLOBAL_ACCENT_COLOR_NAME = AccentColor;
				CODE_SIGN_STYLE = Automatic;
				CURRENT_PROJECT_VERSION = 1;
				ENABLE_PREVIEWS = YES;
				GENERATE_INFOPLIST_FILE = YES;
				INFOPLIST_KEY_CFBundleDisplayName = "Mot à Mot";
				INFOPLIST_KEY_UIApplicationSceneManifest_Generation = YES;
				INFOPLIST_KEY_UIApplicationSupportsIndirectInputEvents = YES;
				INFOPLIST_KEY_UILaunchScreen_Generation = YES;
				INFOPLIST_KEY_UIStatusBarStyle = UIStatusBarStyleDefault;
				INFOPLIST_KEY_UISupportedInterfaceOrientations = UIInterfaceOrientationPortrait;
				INFOPLIST_KEY_UISupportedInterfaceOrientations_iPad = "UIInterfaceOrientationPortrait UIInterfaceOrientationPortraitUpsideDown UIInterfaceOrientationLandscapeLeft UIInterfaceOrientationLandscapeRight";
				LD_RUNPATH_SEARCH_PATHS = (
					"$(inherited)",
					"@executable_path/Frameworks",
				);
				MARKETING_VERSION = 1.0;
				PRODUCT_BUNDLE_IDENTIFIER = com.mohau.motamot;
				PRODUCT_NAME = "$(TARGET_NAME)";
				SWIFT_VERSION = 5.0;
				TARGETED_DEVICE_FAMILY = "1,2";
			};
			name = Debug;
		};
/* End XCBuildConfiguration section */

/* Begin XCConfigurationList section */
		84BD75DECF42B745CB4F39AA /* Build configuration list for PBXNativeTarget "MotAMot" */ = {
			isa = XCConfigurationList;
			buildConfigurations = (
				D87348BDE86A31AE1A1C3907 /* Debug */,
				024EEA213129F6CB818D8A64 /* Release */,
			);
			defaultConfigurationIsVisible = 0;
			defaultConfigurationName = Release;
		};
		C33C66E28B3501D071CFB88C /* Build configuration list for PBXProject "MotAMot" */ = {
			isa = XCConfigurationList;
			buildConfigurations = (
				6F0B85FC643AF9C218F627EA /* Debug */,
				1B05A9D10F61E514E88AF240 /* Release */,
			);
			defaultConfigurationIsVisible = 0;
			defaultConfigurationName = Release;
		};
/* End XCConfigurationList section */
	};
	rootObject = 46F86FAA6BBF9AC94A7E4595 /* Project object */;
}
